
Microsoft Visual Studio Solution File, Format Version 12.00
# Visual Studio 15
Project("{FAE04EC0-301F-11D3-BF4B-00C04F79EFBC}") = "Assembly-CSharp", "Assembly-CSharp.csproj", "{05313960-4D46-2ACA-70E1-34C143815051}"
EndProject
Project("{FAE04EC0-301F-11D3-BF4B-00C04F79EFBC}") = "MaxSdk.Scripts", "MaxSdk.Scripts.csproj", "{0C7D07A7-D38B-ED79-2F3E-6DFB84AB4932}"
EndProject
Project("{FAE04EC0-301F-11D3-BF4B-00C04F79EFBC}") = "Locus.Editor", "Locus.Editor.csproj", "{716BF940-D540-8AFD-2D2C-0B250C4D46B7}"
EndProject
Project("{FAE04EC0-301F-11D3-BF4B-00C04F79EFBC}") = "SolarEngineSDK", "SolarEngineSDK.csproj", "{B40F0D7F-9177-61B4-6244-3F02DF6ABCD8}"
EndProject
Project("{FAE04EC0-301F-11D3-BF4B-00C04F79EFBC}") = "AdjustSdk.Scripts", "AdjustSdk.Scripts.csproj", "{96F99D1A-0545-0B4B-F9AC-802C4843C8FB}"
EndProject
Project("{FAE04EC0-301F-11D3-BF4B-00C04F79EFBC}") = "Assembly-CSharp-Editor", "Assembly-CSharp-Editor.csproj", "{1A307B54-F3A7-D69D-083F-5CE13B98043A}"
EndProject
Project("{FAE04EC0-301F-11D3-BF4B-00C04F79EFBC}") = "Assembly-CSharp-firstpass", "Assembly-CSharp-firstpass.csproj", "{F25638F6-BED8-BEEC-4078-97431383DD8A}"
EndProject
Project("{FAE04EC0-301F-11D3-BF4B-00C04F79EFBC}") = "MaxSdk.Scripts.IntegrationManager.Editor", "MaxSdk.Scripts.IntegrationManager.Editor.csproj", "{5CE3557F-23AE-32D3-921A-FC4B008F188B}"
EndProject
Project("{FAE04EC0-301F-11D3-BF4B-00C04F79EFBC}") = "SolarEngineSDK.Editor", "SolarEngineSDK.Editor.csproj", "{52DFE437-0E05-2EB0-D3C3-56D4EFBE95D6}"
EndProject
Project("{FAE04EC0-301F-11D3-BF4B-00C04F79EFBC}") = "AdjustSdk.Editor", "AdjustSdk.Editor.csproj", "{7BDB9AA6-FE25-B2A6-2537-7873403F7F9A}"
EndProject
Global
	GlobalSection(SolutionConfigurationPlatforms) = preSolution
		Debug|Any CPU = Debug|Any CPU
		Release|Any CPU = Release|Any CPU
	EndGlobalSection
	GlobalSection(ProjectConfigurationPlatforms) = postSolution
		{05313960-4D46-2ACA-70E1-34C143815051}.Debug|Any CPU.ActiveCfg = Debug|Any CPU
		{05313960-4D46-2ACA-70E1-34C143815051}.Debug|Any CPU.Build.0 = Debug|Any CPU
		{05313960-4D46-2ACA-70E1-34C143815051}.Release|Any CPU.ActiveCfg = Release|Any CPU
		{05313960-4D46-2ACA-70E1-34C143815051}.Release|Any CPU.Build.0 = Release|Any CPU
		{0C7D07A7-D38B-ED79-2F3E-6DFB84AB4932}.Debug|Any CPU.ActiveCfg = Debug|Any CPU
		{0C7D07A7-D38B-ED79-2F3E-6DFB84AB4932}.Debug|Any CPU.Build.0 = Debug|Any CPU
		{0C7D07A7-D38B-ED79-2F3E-6DFB84AB4932}.Release|Any CPU.ActiveCfg = Release|Any CPU
		{0C7D07A7-D38B-ED79-2F3E-6DFB84AB4932}.Release|Any CPU.Build.0 = Release|Any CPU
		{716BF940-D540-8AFD-2D2C-0B250C4D46B7}.Debug|Any CPU.ActiveCfg = Debug|Any CPU
		{716BF940-D540-8AFD-2D2C-0B250C4D46B7}.Debug|Any CPU.Build.0 = Debug|Any CPU
		{716BF940-D540-8AFD-2D2C-0B250C4D46B7}.Release|Any CPU.ActiveCfg = Release|Any CPU
		{716BF940-D540-8AFD-2D2C-0B250C4D46B7}.Release|Any CPU.Build.0 = Release|Any CPU
		{B40F0D7F-9177-61B4-6244-3F02DF6ABCD8}.Debug|Any CPU.ActiveCfg = Debug|Any CPU
		{B40F0D7F-9177-61B4-6244-3F02DF6ABCD8}.Debug|Any CPU.Build.0 = Debug|Any CPU
		{B40F0D7F-9177-61B4-6244-3F02DF6ABCD8}.Release|Any CPU.ActiveCfg = Release|Any CPU
		{B40F0D7F-9177-61B4-6244-3F02DF6ABCD8}.Release|Any CPU.Build.0 = Release|Any CPU
		{96F99D1A-0545-0B4B-F9AC-802C4843C8FB}.Debug|Any CPU.ActiveCfg = Debug|Any CPU
		{96F99D1A-0545-0B4B-F9AC-802C4843C8FB}.Debug|Any CPU.Build.0 = Debug|Any CPU
		{96F99D1A-0545-0B4B-F9AC-802C4843C8FB}.Release|Any CPU.ActiveCfg = Release|Any CPU
		{96F99D1A-0545-0B4B-F9AC-802C4843C8FB}.Release|Any CPU.Build.0 = Release|Any CPU
		{1A307B54-F3A7-D69D-083F-5CE13B98043A}.Debug|Any CPU.ActiveCfg = Debug|Any CPU
		{1A307B54-F3A7-D69D-083F-5CE13B98043A}.Debug|Any CPU.Build.0 = Debug|Any CPU
		{1A307B54-F3A7-D69D-083F-5CE13B98043A}.Release|Any CPU.ActiveCfg = Release|Any CPU
		{1A307B54-F3A7-D69D-083F-5CE13B98043A}.Release|Any CPU.Build.0 = Release|Any CPU
		{F25638F6-BED8-BEEC-4078-97431383DD8A}.Debug|Any CPU.ActiveCfg = Debug|Any CPU
		{F25638F6-BED8-BEEC-4078-97431383DD8A}.Debug|Any CPU.Build.0 = Debug|Any CPU
		{F25638F6-BED8-BEEC-4078-97431383DD8A}.Release|Any CPU.ActiveCfg = Release|Any CPU
		{F25638F6-BED8-BEEC-4078-97431383DD8A}.Release|Any CPU.Build.0 = Release|Any CPU
		{5CE3557F-23AE-32D3-921A-FC4B008F188B}.Debug|Any CPU.ActiveCfg = Debug|Any CPU
		{5CE3557F-23AE-32D3-921A-FC4B008F188B}.Debug|Any CPU.Build.0 = Debug|Any CPU
		{5CE3557F-23AE-32D3-921A-FC4B008F188B}.Release|Any CPU.ActiveCfg = Release|Any CPU
		{5CE3557F-23AE-32D3-921A-FC4B008F188B}.Release|Any CPU.Build.0 = Release|Any CPU
		{52DFE437-0E05-2EB0-D3C3-56D4EFBE95D6}.Debug|Any CPU.ActiveCfg = Debug|Any CPU
		{52DFE437-0E05-2EB0-D3C3-56D4EFBE95D6}.Debug|Any CPU.Build.0 = Debug|Any CPU
		{52DFE437-0E05-2EB0-D3C3-56D4EFBE95D6}.Release|Any CPU.ActiveCfg = Release|Any CPU
		{52DFE437-0E05-2EB0-D3C3-56D4EFBE95D6}.Release|Any CPU.Build.0 = Release|Any CPU
		{7BDB9AA6-FE25-B2A6-2537-7873403F7F9A}.Debug|Any CPU.ActiveCfg = Debug|Any CPU
		{7BDB9AA6-FE25-B2A6-2537-7873403F7F9A}.Debug|Any CPU.Build.0 = Debug|Any CPU
		{7BDB9AA6-FE25-B2A6-2537-7873403F7F9A}.Release|Any CPU.ActiveCfg = Release|Any CPU
		{7BDB9AA6-FE25-B2A6-2537-7873403F7F9A}.Release|Any CPU.Build.0 = Release|Any CPU
	EndGlobalSection
	GlobalSection(SolutionProperties) = preSolution
		HideSolutionNode = FALSE
	EndGlobalSection
EndGlobal
